
Microsoft Visual Studio Solution File, Format Version 12.00
# Visual Studio Version 17
VisualStudioVersion = 17.0.31912.275
MinimumVisualStudioVersion = 10.0.40219.1
Project("{9A19103F-16F7-4668-BE54-9A1E7A4F7556}") = "Nd.ValueObjects", "src\Nd.ValueObjects\Nd.ValueObjects.csproj", "{3B6281D5-00CF-42A0-8039-D2901EDD8111}"
EndProject
Project("{2150E333-8FDC-42A3-9474-1A3956D46DE8}") = "02-Fragments", "02-Fragments", "{5C853A9B-CEB2-40A5-B8BE-205FCCC17EA8}"
EndProject
Project("{2150E333-8FDC-42A3-9474-1A3956D46DE8}") = "01-Core", "01-Core", "{BF5C3632-5A9B-4D8E-9F9E-6287275AF8F0}"
EndProject
Project("{9A19103F-16F7-4668-BE54-9A1E7A4F7556}") = "Nd.Core", "src\Nd.Core\Nd.Core.csproj", "{37FE87C8-E98A-485F-95EF-368C50633CAF}"
EndProject
Project("{9A19103F-16F7-4668-BE54-9A1E7A4F7556}") = "Nd.Entities", "src\Nd.Entities\Nd.Entities.csproj", "{18C5B043-50AF-4571-B6F6-C52C6EBDA318}"
EndProject
Project("{2150E333-8FDC-42A3-9474-1A3956D46DE8}") = "03-Aggregates", "03-Aggregates", "{72369685-5A14-45E3-8F3C-0C4190AA0C38}"
EndProject
Project("{2150E333-8FDC-42A3-9474-1A3956D46DE8}") = "Tests", "Tests", "{8B663D7D-331F-4F7A-8E1D-DFED294B4AFF}"
EndProject
Project("{9A19103F-16F7-4668-BE54-9A1E7A4F7556}") = "Nd.Aggregates", "src\Nd.Aggregates\Nd.Aggregates.csproj", "{267892C3-4258-4A89-B0BC-E4B11F82FE6E}"
EndProject
Project("{9A19103F-16F7-4668-BE54-9A1E7A4F7556}") = "Nd.ValueObjects.Tests", "src\Nd.ValueObjects.Tests\Nd.ValueObjects.Tests.csproj", "{42BC794E-4534-4989-9059-CF4B564710BF}"
EndProject
Project("{9A19103F-16F7-4668-BE54-9A1E7A4F7556}") = "Nd.Entities.Tests", "src\Nd.Entities.Tests\Nd.Entities.Tests.csproj", "{20A987AD-A853-4A5B-BB99-B8F6B1F083C5}"
EndProject
Project("{9A19103F-16F7-4668-BE54-9A1E7A4F7556}") = "Nd.Core.Tests", "src\Nd.Core.Tests\Nd.Core.Tests.csproj", "{3F738E70-DA76-4928-9320-30A5FC4EFF10}"
EndProject
Project("{9A19103F-16F7-4668-BE54-9A1E7A4F7556}") = "Nd.Aggregates.Tests", "src\Nd.Aggregates.Tests\Nd.Aggregates.Tests.csproj", "{E25B4DCD-EE9A-48C4-BB48-6CAB36E15099}"
EndProject
Project("{2150E333-8FDC-42A3-9474-1A3956D46DE8}") = "04-Commands", "04-Commands", "{8E8238A0-4217-4D01-917A-617553CF06E0}"
EndProject
Project("{9A19103F-16F7-4668-BE54-9A1E7A4F7556}") = "Nd.Commands", "src\Nd.Commands\Nd.Commands.csproj", "{481290AB-E457-4389-AD86-D9DADD9D5362}"
EndProject
Project("{9A19103F-16F7-4668-BE54-9A1E7A4F7556}") = "Nd.Identities", "src\Nd.Identities\Nd.Identities.csproj", "{52B8678D-BB58-4949-B6B2-6537F3F81D5A}"
EndProject
Project("{9A19103F-16F7-4668-BE54-9A1E7A4F7556}") = "Nd.Identities.Tests", "src\Nd.Identities.Tests\Nd.Identities.Tests.csproj", "{629612CB-3F31-420C-8FF4-B5ED21CAE7C8}"
EndProject
Project("{9A19103F-16F7-4668-BE54-9A1E7A4F7556}") = "Nd.Aggregates.Snapshots", "src\Nd.Aggregates.Snapshots\Nd.Aggregates.Snapshots.csproj", "{26F09407-9528-4BE7-8530-E1377612FE45}"
EndProject
Project("{9A19103F-16F7-4668-BE54-9A1E7A4F7556}") = "Nd.Commands.Tests", "src\Nd.Commands.Tests\Nd.Commands.Tests.csproj", "{9994A032-72FA-40A8-AF7C-DDFB2AC1CAF8}"
EndProject
Project("{2150E333-8FDC-42A3-9474-1A3956D46DE8}") = "Solution Items", "Solution Items", "{014491D0-3E2E-4FAE-834B-A3D0CF28D8E6}"
	ProjectSection(SolutionItems) = preProject
		.editorconfig = .editorconfig
		.gitattributes = .gitattributes
		.gitignore = .gitignore
		build.cake = build.cake
		LICENSE = LICENSE
		NuGet.Config = NuGet.Config
		README.md = README.md
	EndProjectSection
EndProject
Project("{2150E333-8FDC-42A3-9474-1A3956D46DE8}") = "Samples", "Samples", "{E74D4CBC-6F0F-482D-BFE3-BB5B898B8995}"
EndProject
Project("{9A19103F-16F7-4668-BE54-9A1E7A4F7556}") = "Nd.Samples.Banking", "samples\Banking\Nd.Samples.Banking\Nd.Samples.Banking.csproj", "{5DE9FE0B-8574-401B-9EE6-BC1441FF607A}"
EndProject
Project("{FAE04EC0-301F-11D3-BF4B-00C04F79EFBC}") = "WebApplication1", "samples\WebApplication1\WebApplication1.csproj", "{A811E9EA-6D42-4ACF-AF2B-CAAB6E234C65}"
EndProject
Global
	GlobalSection(SolutionConfigurationPlatforms) = preSolution
		Debug|Any CPU = Debug|Any CPU
		Release|Any CPU = Release|Any CPU
	EndGlobalSection
	GlobalSection(ProjectConfigurationPlatforms) = postSolution
		{3B6281D5-00CF-42A0-8039-D2901EDD8111}.Debug|Any CPU.ActiveCfg = Debug|Any CPU
		{3B6281D5-00CF-42A0-8039-D2901EDD8111}.Debug|Any CPU.Build.0 = Debug|Any CPU
		{3B6281D5-00CF-42A0-8039-D2901EDD8111}.Release|Any CPU.ActiveCfg = Release|Any CPU
		{3B6281D5-00CF-42A0-8039-D2901EDD8111}.Release|Any CPU.Build.0 = Release|Any CPU
		{37FE87C8-E98A-485F-95EF-368C50633CAF}.Debug|Any CPU.ActiveCfg = Debug|Any CPU
		{37FE87C8-E98A-485F-95EF-368C50633CAF}.Debug|Any CPU.Build.0 = Debug|Any CPU
		{37FE87C8-E98A-485F-95EF-368C50633CAF}.Release|Any CPU.ActiveCfg = Release|Any CPU
		{37FE87C8-E98A-485F-95EF-368C50633CAF}.Release|Any CPU.Build.0 = Release|Any CPU
		{18C5B043-50AF-4571-B6F6-C52C6EBDA318}.Debug|Any CPU.ActiveCfg = Debug|Any CPU
		{18C5B043-50AF-4571-B6F6-C52C6EBDA318}.Debug|Any CPU.Build.0 = Debug|Any CPU
		{18C5B043-50AF-4571-B6F6-C52C6EBDA318}.Release|Any CPU.ActiveCfg = Release|Any CPU
		{18C5B043-50AF-4571-B6F6-C52C6EBDA318}.Release|Any CPU.Build.0 = Release|Any CPU
		{267892C3-4258-4A89-B0BC-E4B11F82FE6E}.Debug|Any CPU.ActiveCfg = Debug|Any CPU
		{267892C3-4258-4A89-B0BC-E4B11F82FE6E}.Debug|Any CPU.Build.0 = Debug|Any CPU
		{267892C3-4258-4A89-B0BC-E4B11F82FE6E}.Release|Any CPU.ActiveCfg = Release|Any CPU
		{267892C3-4258-4A89-B0BC-E4B11F82FE6E}.Release|Any CPU.Build.0 = Release|Any CPU
		{42BC794E-4534-4989-9059-CF4B564710BF}.Debug|Any CPU.ActiveCfg = Debug|Any CPU
		{42BC794E-4534-4989-9059-CF4B564710BF}.Debug|Any CPU.Build.0 = Debug|Any CPU
		{42BC794E-4534-4989-9059-CF4B564710BF}.Release|Any CPU.ActiveCfg = Release|Any CPU
		{42BC794E-4534-4989-9059-CF4B564710BF}.Release|Any CPU.Build.0 = Release|Any CPU
		{20A987AD-A853-4A5B-BB99-B8F6B1F083C5}.Debug|Any CPU.ActiveCfg = Debug|Any CPU
		{20A987AD-A853-4A5B-BB99-B8F6B1F083C5}.Debug|Any CPU.Build.0 = Debug|Any CPU
		{20A987AD-A853-4A5B-BB99-B8F6B1F083C5}.Release|Any CPU.ActiveCfg = Release|Any CPU
		{20A987AD-A853-4A5B-BB99-B8F6B1F083C5}.Release|Any CPU.Build.0 = Release|Any CPU
		{3F738E70-DA76-4928-9320-30A5FC4EFF10}.Debug|Any CPU.ActiveCfg = Debug|Any CPU
		{3F738E70-DA76-4928-9320-30A5FC4EFF10}.Debug|Any CPU.Build.0 = Debug|Any CPU
		{3F738E70-DA76-4928-9320-30A5FC4EFF10}.Release|Any CPU.ActiveCfg = Release|Any CPU
		{3F738E70-DA76-4928-9320-30A5FC4EFF10}.Release|Any CPU.Build.0 = Release|Any CPU
		{E25B4DCD-EE9A-48C4-BB48-6CAB36E15099}.Debug|Any CPU.ActiveCfg = Debug|Any CPU
		{E25B4DCD-EE9A-48C4-BB48-6CAB36E15099}.Debug|Any CPU.Build.0 = Debug|Any CPU
		{E25B4DCD-EE9A-48C4-BB48-6CAB36E15099}.Release|Any CPU.ActiveCfg = Release|Any CPU
		{E25B4DCD-EE9A-48C4-BB48-6CAB36E15099}.Release|Any CPU.Build.0 = Release|Any CPU
		{481290AB-E457-4389-AD86-D9DADD9D5362}.Debug|Any CPU.ActiveCfg = Debug|Any CPU
		{481290AB-E457-4389-AD86-D9DADD9D5362}.Debug|Any CPU.Build.0 = Debug|Any CPU
		{481290AB-E457-4389-AD86-D9DADD9D5362}.Release|Any CPU.ActiveCfg = Release|Any CPU
		{481290AB-E457-4389-AD86-D9DADD9D5362}.Release|Any CPU.Build.0 = Release|Any CPU
		{52B8678D-BB58-4949-B6B2-6537F3F81D5A}.Debug|Any CPU.ActiveCfg = Debug|Any CPU
		{52B8678D-BB58-4949-B6B2-6537F3F81D5A}.Debug|Any CPU.Build.0 = Debug|Any CPU
		{52B8678D-BB58-4949-B6B2-6537F3F81D5A}.Release|Any CPU.ActiveCfg = Release|Any CPU
		{52B8678D-BB58-4949-B6B2-6537F3F81D5A}.Release|Any CPU.Build.0 = Release|Any CPU
		{629612CB-3F31-420C-8FF4-B5ED21CAE7C8}.Debug|Any CPU.ActiveCfg = Debug|Any CPU
		{629612CB-3F31-420C-8FF4-B5ED21CAE7C8}.Debug|Any CPU.Build.0 = Debug|Any CPU
		{629612CB-3F31-420C-8FF4-B5ED21CAE7C8}.Release|Any CPU.ActiveCfg = Release|Any CPU
		{629612CB-3F31-420C-8FF4-B5ED21CAE7C8}.Release|Any CPU.Build.0 = Release|Any CPU
		{26F09407-9528-4BE7-8530-E1377612FE45}.Debug|Any CPU.ActiveCfg = Debug|Any CPU
		{26F09407-9528-4BE7-8530-E1377612FE45}.Debug|Any CPU.Build.0 = Debug|Any CPU
		{26F09407-9528-4BE7-8530-E1377612FE45}.Release|Any CPU.ActiveCfg = Release|Any CPU
		{26F09407-9528-4BE7-8530-E1377612FE45}.Release|Any CPU.Build.0 = Release|Any CPU
		{9994A032-72FA-40A8-AF7C-DDFB2AC1CAF8}.Debug|Any CPU.ActiveCfg = Debug|Any CPU
		{9994A032-72FA-40A8-AF7C-DDFB2AC1CAF8}.Debug|Any CPU.Build.0 = Debug|Any CPU
		{9994A032-72FA-40A8-AF7C-DDFB2AC1CAF8}.Release|Any CPU.ActiveCfg = Release|Any CPU
		{9994A032-72FA-40A8-AF7C-DDFB2AC1CAF8}.Release|Any CPU.Build.0 = Release|Any CPU
		{5DE9FE0B-8574-401B-9EE6-BC1441FF607A}.Debug|Any CPU.ActiveCfg = Debug|Any CPU
		{5DE9FE0B-8574-401B-9EE6-BC1441FF607A}.Debug|Any CPU.Build.0 = Debug|Any CPU
		{5DE9FE0B-8574-401B-9EE6-BC1441FF607A}.Release|Any CPU.ActiveCfg = Release|Any CPU
		{5DE9FE0B-8574-401B-9EE6-BC1441FF607A}.Release|Any CPU.Build.0 = Release|Any CPU
		{A811E9EA-6D42-4ACF-AF2B-CAAB6E234C65}.Debug|Any CPU.ActiveCfg = Debug|Any CPU
		{A811E9EA-6D42-4ACF-AF2B-CAAB6E234C65}.Debug|Any CPU.Build.0 = Debug|Any CPU
		{A811E9EA-6D42-4ACF-AF2B-CAAB6E234C65}.Release|Any CPU.ActiveCfg = Release|Any CPU
		{A811E9EA-6D42-4ACF-AF2B-CAAB6E234C65}.Release|Any CPU.Build.0 = Release|Any CPU
	EndGlobalSection
	GlobalSection(SolutionProperties) = preSolution
		HideSolutionNode = FALSE
	EndGlobalSection
	GlobalSection(NestedProjects) = preSolution
		{3B6281D5-00CF-42A0-8039-D2901EDD8111} = {5C853A9B-CEB2-40A5-B8BE-205FCCC17EA8}
		{37FE87C8-E98A-485F-95EF-368C50633CAF} = {BF5C3632-5A9B-4D8E-9F9E-6287275AF8F0}
		{18C5B043-50AF-4571-B6F6-C52C6EBDA318} = {5C853A9B-CEB2-40A5-B8BE-205FCCC17EA8}
		{267892C3-4258-4A89-B0BC-E4B11F82FE6E} = {72369685-5A14-45E3-8F3C-0C4190AA0C38}
		{42BC794E-4534-4989-9059-CF4B564710BF} = {8B663D7D-331F-4F7A-8E1D-DFED294B4AFF}
		{20A987AD-A853-4A5B-BB99-B8F6B1F083C5} = {8B663D7D-331F-4F7A-8E1D-DFED294B4AFF}
		{3F738E70-DA76-4928-9320-30A5FC4EFF10} = {8B663D7D-331F-4F7A-8E1D-DFED294B4AFF}
		{E25B4DCD-EE9A-48C4-BB48-6CAB36E15099} = {8B663D7D-331F-4F7A-8E1D-DFED294B4AFF}
		{481290AB-E457-4389-AD86-D9DADD9D5362} = {8E8238A0-4217-4D01-917A-617553CF06E0}
		{52B8678D-BB58-4949-B6B2-6537F3F81D5A} = {5C853A9B-CEB2-40A5-B8BE-205FCCC17EA8}
		{629612CB-3F31-420C-8FF4-B5ED21CAE7C8} = {8B663D7D-331F-4F7A-8E1D-DFED294B4AFF}
		{26F09407-9528-4BE7-8530-E1377612FE45} = {72369685-5A14-45E3-8F3C-0C4190AA0C38}
		{9994A032-72FA-40A8-AF7C-DDFB2AC1CAF8} = {8B663D7D-331F-4F7A-8E1D-DFED294B4AFF}
		{5DE9FE0B-8574-401B-9EE6-BC1441FF607A} = {E74D4CBC-6F0F-482D-BFE3-BB5B898B8995}
		{A811E9EA-6D42-4ACF-AF2B-CAAB6E234C65} = {E74D4CBC-6F0F-482D-BFE3-BB5B898B8995}
	EndGlobalSection
	GlobalSection(ExtensibilityGlobals) = postSolution
		SolutionGuid = {7E90C591-5B90-440A-83A7-A6B425A1325D}
	EndGlobalSection
EndGlobal
